
Microsoft Visual Studio Solution File, Format Version 12.00
# Visual Studio Version 17
VisualStudioVersion = 17.7.34018.315
MinimumVisualStudioVersion = 10.0.40219.1
Project("{8BC9CEB8-8B4A-11D0-8D11-00A0C91BC942}") = "zadanie1", "zadanie1.vcxproj", "{EDF2C063-1D76-488A-BAB4-385D6D9F1B62}"
EndProject
Global
	GlobalSection(SolutionConfigurationPlatforms) = preSolution
		Debug|x64 = Debug|x64
		Debug|x86 = Debug|x86
		Release|x64 = Release|x64
		Release|x86 = Release|x86
	EndGlobalSection
	GlobalSection(ProjectConfigurationPlatforms) = postSolution
		{EDF2C063-1D76-488A-BAB4-385D6D9F1B62}.Debug|x64.ActiveCfg = Debug|x64
		{EDF2C063-1D76-488A-BAB4-385D6D9F1B62}.Debug|x64.Build.0 = Debug|x64
		{EDF2C063-1D76-488A-BAB4-385D6D9F1B62}.Debug|x86.ActiveCfg = Debug|Win32
		{EDF2C063-1D76-488A-BAB4-385D6D9F1B62}.Debug|x86.Build.0 = Debug|Win32
		{EDF2C063-1D76-488A-BAB4-385D6D9F1B62}.Release|x64.ActiveCfg = Release|x64
		{EDF2C063-1D76-488A-BAB4-385D6D9F1B62}.Release|x64.Build.0 = Release|x64
		{EDF2C063-1D76-488A-BAB4-385D6D9F1B62}.Release|x86.ActiveCfg = Release|Win32
		{EDF2C063-1D76-488A-BAB4-385D6D9F1B62}.Release|x86.Build.0 = Release|Win32
	EndGlobalSection
	GlobalSection(SolutionProperties) = preSolution
		HideSolutionNode = FALSE
	EndGlobalSection
	GlobalSection(ExtensibilityGlobals) = postSolution
		SolutionGuid = {1215C2D8-F6D4-467E-8992-26E2D725636B}
	EndGlobalSection
EndGlobal
